
Microsoft Visual Studio Solution File, Format Version 12.00
# Visual Studio Version 16
VisualStudioVersion = 16.0.31005.135
MinimumVisualStudioVersion = 10.0.40219.1
Project("{FAE04EC0-301F-11D3-BF4B-00C04F79EFBC}") = "HajosTeszt", "HajosTeszt\HajosTeszt.csproj", "{28B54DB4-F55D-407D-9FC4-3A2DDDBAFD2B}"
EndProject
Global
	GlobalSection(SolutionConfigurationPlatforms) = preSolution
		Debug|Any CPU = Debug|Any CPU
		Release|Any CPU = Release|Any CPU
	EndGlobalSection
	GlobalSection(ProjectConfigurationPlatforms) = postSolution
		{28B54DB4-F55D-407D-9FC4-3A2DDDBAFD2B}.Debug|Any CPU.ActiveCfg = Debug|Any CPU
		{28B54DB4-F55D-407D-9FC4-3A2DDDBAFD2B}.Debug|Any CPU.Build.0 = Debug|Any CPU
		{28B54DB4-F55D-407D-9FC4-3A2DDDBAFD2B}.Release|Any CPU.ActiveCfg = Release|Any CPU
		{28B54DB4-F55D-407D-9FC4-3A2DDDBAFD2B}.Release|Any CPU.Build.0 = Release|Any CPU
	EndGlobalSection
	GlobalSection(SolutionProperties) = preSolution
		HideSolutionNode = FALSE
	EndGlobalSection
	GlobalSection(ExtensibilityGlobals) = postSolution
		SolutionGuid = {03537949-ABDE-414B-B202-288E6388F5F6}
	EndGlobalSection
EndGlobal
